// !$*UTF8*$!
{
	archiveVersion = 1;
	classes = {
	};
	objectVersion = 55;
	objects = {

/* Begin PBXBuildFile section */
		0E05165028D5B59200B066DA /* DetailSheetView.swift in Sources */ = {isa = PBXBuildFile; fileRef = 0E05164F28D5B59200B066DA /* DetailSheetView.swift */; };
		0EE72C1328D4607E00C54505 /* MakeCardView.swift in Sources */ = {isa = PBXBuildFile; fileRef = 0EE72C1228D4607E00C54505 /* MakeCardView.swift */; };
		0EE72C1628D4629100C54505 /* MakeCardViewNavbar.swift in Sources */ = {isa = PBXBuildFile; fileRef = 0EE72C1528D4629100C54505 /* MakeCardViewNavbar.swift */; };
		0EE72C1A28D4662200C54505 /* CardView.swift in Sources */ = {isa = PBXBuildFile; fileRef = 0EE72C1928D4662200C54505 /* CardView.swift */; };
		0EE72C2028D46CE100C54505 /* LimitedImagePicker.swift in Sources */ = {isa = PBXBuildFile; fileRef = 0EE72C1F28D46CE100C54505 /* LimitedImagePicker.swift */; };
		0EE72C2228D46CEB00C54505 /* AllImagePicker.swift in Sources */ = {isa = PBXBuildFile; fileRef = 0EE72C2128D46CEB00C54505 /* AllImagePicker.swift */; };
		0EE72C2428D46D1E00C54505 /* Picture.swift in Sources */ = {isa = PBXBuildFile; fileRef = 0EE72C2328D46D1E00C54505 /* Picture.swift */; };
		0EE72C2628D46EDC00C54505 /* CameraView.swift in Sources */ = {isa = PBXBuildFile; fileRef = 0EE72C2528D46EDC00C54505 /* CameraView.swift */; };
		0EE72C2A28D4949000C54505 /* ShareView.swift in Sources */ = {isa = PBXBuildFile; fileRef = 0EE72C2928D4949000C54505 /* ShareView.swift */; };
		0EE72C3428D5196E00C54505 /* MyActivityView.swift in Sources */ = {isa = PBXBuildFile; fileRef = 0EE72C3328D5196E00C54505 /* MyActivityView.swift */; };
		0EE72C3728D51D2F00C54505 /* Lottie.swift in Sources */ = {isa = PBXBuildFile; fileRef = 0EE72C3628D51D2F00C54505 /* Lottie.swift */; };
		0EE72C3A28D51E8C00C54505 /* Lottie in Frameworks */ = {isa = PBXBuildFile; productRef = 0EE72C3928D51E8C00C54505 /* Lottie */; };
		0EE72C3C28D51F0100C54505 /* wave.json in Resources */ = {isa = PBXBuildFile; fileRef = 0EE72C3B28D51F0100C54505 /* wave.json */; };
		0EE72C4028D5584000C54505 /* BadgeGradeView.swift in Sources */ = {isa = PBXBuildFile; fileRef = 0EE72C3F28D5584000C54505 /* BadgeGradeView.swift */; };
		0EE72C4228D5587800C54505 /* BadgeGradeViewNavbar.swift in Sources */ = {isa = PBXBuildFile; fileRef = 0EE72C4128D5587800C54505 /* BadgeGradeViewNavbar.swift */; };
		163DB13B28D618A800DC6B67 /* location.json in Resources */ = {isa = PBXBuildFile; fileRef = 163DB13A28D618A700DC6B67 /* location.json */; };
		165AC54628D64190009954E2 /* CGImagePropertyOrientation+UIImageOrientation.swift in Sources */ = {isa = PBXBuildFile; fileRef = 165AC54428D64190009954E2 /* CGImagePropertyOrientation+UIImageOrientation.swift */; };
		165AC54728D64190009954E2 /* VNClassificationObservation+confidenceString.swift in Sources */ = {isa = PBXBuildFile; fileRef = 165AC54528D64190009954E2 /* VNClassificationObservation+confidenceString.swift */; };
		167BA72528D5740A001929F8 /* ViewExtension.swift in Sources */ = {isa = PBXBuildFile; fileRef = 167BA72428D5740A001929F8 /* ViewExtension.swift */; };
		167BA72828D594EB001929F8 /* OnboardingView.swift in Sources */ = {isa = PBXBuildFile; fileRef = 167BA72728D594EB001929F8 /* OnboardingView.swift */; };
		168C242328CDD1F500036B70 /* UserViewModel.swift in Sources */ = {isa = PBXBuildFile; fileRef = 168C242228CDD1F500036B70 /* UserViewModel.swift */; };
		168C242528CDD20000036B70 /* CardViewModel.swift in Sources */ = {isa = PBXBuildFile; fileRef = 168C242428CDD20000036B70 /* CardViewModel.swift */; };
		168C242928CDD21200036B70 /* BadgeViewModel.swift in Sources */ = {isa = PBXBuildFile; fileRef = 168C242828CDD21200036B70 /* BadgeViewModel.swift */; };
		168C242C28CDDB2700036B70 /* FacebookLogin in Frameworks */ = {isa = PBXBuildFile; productRef = 168C242B28CDDB2700036B70 /* FacebookLogin */; };
		168C245D28D46D7900036B70 /* AppleLoginButtom.swift in Sources */ = {isa = PBXBuildFile; fileRef = 168C245C28D46D7900036B70 /* AppleLoginButtom.swift */; };
		1699082B28D63BCE00583006 /* ImagePredictor.swift in Sources */ = {isa = PBXBuildFile; fileRef = 1699082A28D63BCE00583006 /* ImagePredictor.swift */; };
		1699082D28D63E7500583006 /* PohangLandmarkNet.mlmodel in Sources */ = {isa = PBXBuildFile; fileRef = 1699082C28D63E7500583006 /* PohangLandmarkNet.mlmodel */; };
		169919EF28D5CF0E007109D4 /* AttractionView.swift in Sources */ = {isa = PBXBuildFile; fileRef = 169919EC28D5CF0D007109D4 /* AttractionView.swift */; };
		169919F028D5CF0E007109D4 /* TourCourseView.swift in Sources */ = {isa = PBXBuildFile; fileRef = 169919EE28D5CF0D007109D4 /* TourCourseView.swift */; };
		169919F128D5CF0E007109D4 /* TourCourseItem.swift in Sources */ = {isa = PBXBuildFile; fileRef = 169919ED28D5CF0D007109D4 /* TourCourseItem.swift */; };
		169919F428D5CFD3007109D4 /* Course.swift in Sources */ = {isa = PBXBuildFile; fileRef = 169919F328D5CFD3007109D4 /* Course.swift */; };
		169919F628D5D4B8007109D4 /* Animation.swift in Sources */ = {isa = PBXBuildFile; fileRef = 169919F528D5D4B8007109D4 /* Animation.swift */; };
		16EA766228D52CAD00979F78 /* FaceBookLoginButton.swift in Sources */ = {isa = PBXBuildFile; fileRef = 168C243028CDF9E100036B70 /* FaceBookLoginButton.swift */; };
		16F157D528D6193D0001B422 /* Location.swift in Sources */ = {isa = PBXBuildFile; fileRef = 16F157D428D6193D0001B422 /* Location.swift */; };
		16F157D728D6196F0001B422 /* LocationViewModel.swift in Sources */ = {isa = PBXBuildFile; fileRef = 16F157D628D6196F0001B422 /* LocationViewModel.swift */; };
		16F42DD028CDA3CA00995F1E /* BlueCombingApp.swift in Sources */ = {isa = PBXBuildFile; fileRef = 16F42DCF28CDA3CA00995F1E /* BlueCombingApp.swift */; };
		16F42DD228CDA3CA00995F1E /* ContentView.swift in Sources */ = {isa = PBXBuildFile; fileRef = 16F42DD128CDA3CA00995F1E /* ContentView.swift */; };
		16F42DD428CDA3CC00995F1E /* Assets.xcassets in Resources */ = {isa = PBXBuildFile; fileRef = 16F42DD328CDA3CC00995F1E /* Assets.xcassets */; };
		16F42DD728CDA3CC00995F1E /* Preview Assets.xcassets in Resources */ = {isa = PBXBuildFile; fileRef = 16F42DD628CDA3CC00995F1E /* Preview Assets.xcassets */; };
		16F42DE128CDB77200995F1E /* User.swift in Sources */ = {isa = PBXBuildFile; fileRef = 16F42DE028CDB77200995F1E /* User.swift */; };
		16F42DE328CDB7AF00995F1E /* Card.swift in Sources */ = {isa = PBXBuildFile; fileRef = 16F42DE228CDB7AF00995F1E /* Card.swift */; };
		16F42DE528CDB7BB00995F1E /* Attraction.swift in Sources */ = {isa = PBXBuildFile; fileRef = 16F42DE428CDB7BB00995F1E /* Attraction.swift */; };
		16F42DE728CDB7C400995F1E /* Badge.swift in Sources */ = {isa = PBXBuildFile; fileRef = 16F42DE628CDB7C400995F1E /* Badge.swift */; };
		16F42DE928CDB91A00995F1E /* GoogleService-Info.plist in Resources */ = {isa = PBXBuildFile; fileRef = 16F42DE828CDB91A00995F1E /* GoogleService-Info.plist */; };
		16F42DEC28CDBB3500995F1E /* FirebaseAnalytics in Frameworks */ = {isa = PBXBuildFile; productRef = 16F42DEB28CDBB3500995F1E /* FirebaseAnalytics */; };
		16F42DEE28CDBB3500995F1E /* FirebaseAuth in Frameworks */ = {isa = PBXBuildFile; productRef = 16F42DED28CDBB3500995F1E /* FirebaseAuth */; };
		16F42DF028CDBB3500995F1E /* FirebaseDatabase in Frameworks */ = {isa = PBXBuildFile; productRef = 16F42DEF28CDBB3500995F1E /* FirebaseDatabase */; };
		16F42DF228CDBB3500995F1E /* FirebaseFirestore in Frameworks */ = {isa = PBXBuildFile; productRef = 16F42DF128CDBB3500995F1E /* FirebaseFirestore */; };
		16F42DF428CDBB3500995F1E /* FirebaseStorage in Frameworks */ = {isa = PBXBuildFile; productRef = 16F42DF328CDBB3500995F1E /* FirebaseStorage */; };
		16F42DF728CDBFD500995F1E /* LoginHome.swift in Sources */ = {isa = PBXBuildFile; fileRef = 16F42DF628CDBFD500995F1E /* LoginHome.swift */; };
		16F42DFE28CDC79000995F1E /* AppleAuthCoordinator.swift in Sources */ = {isa = PBXBuildFile; fileRef = 16F42DFD28CDC79000995F1E /* AppleAuthCoordinator.swift */; };
		5F01463F28F5DCF700DA2A47 /* StartModal.swift in Sources */ = {isa = PBXBuildFile; fileRef = 5F01463E28F5DCF700DA2A47 /* StartModal.swift */; };
		5F01464128F5DDB400DA2A47 /* RecordConfirmModal.swift in Sources */ = {isa = PBXBuildFile; fileRef = 5F01464028F5DDB400DA2A47 /* RecordConfirmModal.swift */; };
		5F01464328F5DEA900DA2A47 /* CardMakingModal.swift in Sources */ = {isa = PBXBuildFile; fileRef = 5F01464228F5DEA900DA2A47 /* CardMakingModal.swift */; };
		5F01464528F5DF6100DA2A47 /* LoginModal.swift in Sources */ = {isa = PBXBuildFile; fileRef = 5F01464428F5DF6100DA2A47 /* LoginModal.swift */; };
		5F60061A28F78C85000B89BF /* BlurView.swift in Sources */ = {isa = PBXBuildFile; fileRef = 5F60061928F78C85000B89BF /* BlurView.swift */; };
		708B5A5E28D46E9100B863E8 /* Colors.swift in Sources */ = {isa = PBXBuildFile; fileRef = 708B5A5D28D46E9100B863E8 /* Colors.swift */; };
		708B5A6528D4828300B863E8 /* Pretendard-Medium.otf in Resources */ = {isa = PBXBuildFile; fileRef = 708B5A6228D4828300B863E8 /* Pretendard-Medium.otf */; };
		708B5A6628D4828300B863E8 /* Pretendard-SemiBold.otf in Resources */ = {isa = PBXBuildFile; fileRef = 708B5A6328D4828300B863E8 /* Pretendard-SemiBold.otf */; };
		708B5A6728D4828300B863E8 /* Pretendard-Bold.otf in Resources */ = {isa = PBXBuildFile; fileRef = 708B5A6428D4828300B863E8 /* Pretendard-Bold.otf */; };
		B23C44B828D461F30096DE8F /* MapView.swift in Sources */ = {isa = PBXBuildFile; fileRef = B23C44B728D461F30096DE8F /* MapView.swift */; };
		B23C44BB28D464040096DE8F /* MapDelegate.swift in Sources */ = {isa = PBXBuildFile; fileRef = B23C44BA28D464040096DE8F /* MapDelegate.swift */; };
		B23C44BD28D4687D0096DE8F /* TotalMapView.swift in Sources */ = {isa = PBXBuildFile; fileRef = B23C44BC28D4687D0096DE8F /* TotalMapView.swift */; };
		B23C44CA28D4B9850096DE8F /* MultiModal.swift in Sources */ = {isa = PBXBuildFile; fileRef = B23C44C928D4B9850096DE8F /* MultiModal.swift */; };
		B28CB29228D533BE00202F33 /* CanvasView.swift in Sources */ = {isa = PBXBuildFile; fileRef = B28CB29128D533BE00202F33 /* CanvasView.swift */; };
		B2DC0DA028D4504000867084 /* AppData.swift in Sources */ = {isa = PBXBuildFile; fileRef = B2DC0D9F28D4504000867084 /* AppData.swift */; };
		B2DC0DA828D45D7A00867084 /* MainTabView.swift in Sources */ = {isa = PBXBuildFile; fileRef = B2DC0DA728D45D7A00867084 /* MainTabView.swift */; };
		B2E576BD28D4D2EE000D77A5 /* Font.swift in Sources */ = {isa = PBXBuildFile; fileRef = B2E576BC28D4D2EE000D77A5 /* Font.swift */; };
/* End PBXBuildFile section */

/* Begin PBXFileReference section */
		0E05164F28D5B59200B066DA /* DetailSheetView.swift */ = {isa = PBXFileReference; lastKnownFileType = sourcecode.swift; path = DetailSheetView.swift; sourceTree = "<group>"; };
		0EE72C1228D4607E00C54505 /* MakeCardView.swift */ = {isa = PBXFileReference; lastKnownFileType = sourcecode.swift; path = MakeCardView.swift; sourceTree = "<group>"; };
		0EE72C1528D4629100C54505 /* MakeCardViewNavbar.swift */ = {isa = PBXFileReference; lastKnownFileType = sourcecode.swift; path = MakeCardViewNavbar.swift; sourceTree = "<group>"; };
		0EE72C1928D4662200C54505 /* CardView.swift */ = {isa = PBXFileReference; lastKnownFileType = sourcecode.swift; path = CardView.swift; sourceTree = "<group>"; };
		0EE72C1F28D46CE100C54505 /* LimitedImagePicker.swift */ = {isa = PBXFileReference; lastKnownFileType = sourcecode.swift; path = LimitedImagePicker.swift; sourceTree = "<group>"; };
		0EE72C2128D46CEB00C54505 /* AllImagePicker.swift */ = {isa = PBXFileReference; lastKnownFileType = sourcecode.swift; path = AllImagePicker.swift; sourceTree = "<group>"; };
		0EE72C2328D46D1E00C54505 /* Picture.swift */ = {isa = PBXFileReference; lastKnownFileType = sourcecode.swift; path = Picture.swift; sourceTree = "<group>"; };
		0EE72C2528D46EDC00C54505 /* CameraView.swift */ = {isa = PBXFileReference; lastKnownFileType = sourcecode.swift; path = CameraView.swift; sourceTree = "<group>"; };
		0EE72C2928D4949000C54505 /* ShareView.swift */ = {isa = PBXFileReference; lastKnownFileType = sourcecode.swift; path = ShareView.swift; sourceTree = "<group>"; };
		0EE72C3328D5196E00C54505 /* MyActivityView.swift */ = {isa = PBXFileReference; lastKnownFileType = sourcecode.swift; path = MyActivityView.swift; sourceTree = "<group>"; };
		0EE72C3628D51D2F00C54505 /* Lottie.swift */ = {isa = PBXFileReference; lastKnownFileType = sourcecode.swift; path = Lottie.swift; sourceTree = "<group>"; };
		0EE72C3B28D51F0100C54505 /* wave.json */ = {isa = PBXFileReference; fileEncoding = 4; lastKnownFileType = text.json; path = wave.json; sourceTree = "<group>"; };
		0EE72C3F28D5584000C54505 /* BadgeGradeView.swift */ = {isa = PBXFileReference; lastKnownFileType = sourcecode.swift; path = BadgeGradeView.swift; sourceTree = "<group>"; };
		0EE72C4128D5587800C54505 /* BadgeGradeViewNavbar.swift */ = {isa = PBXFileReference; lastKnownFileType = sourcecode.swift; path = BadgeGradeViewNavbar.swift; sourceTree = "<group>"; };
		163DB13A28D618A700DC6B67 /* location.json */ = {isa = PBXFileReference; fileEncoding = 4; lastKnownFileType = text.json; path = location.json; sourceTree = "<group>"; };
		165AC54428D64190009954E2 /* CGImagePropertyOrientation+UIImageOrientation.swift */ = {isa = PBXFileReference; fileEncoding = 4; lastKnownFileType = sourcecode.swift; path = "CGImagePropertyOrientation+UIImageOrientation.swift"; sourceTree = "<group>"; };
		165AC54528D64190009954E2 /* VNClassificationObservation+confidenceString.swift */ = {isa = PBXFileReference; fileEncoding = 4; lastKnownFileType = sourcecode.swift; path = "VNClassificationObservation+confidenceString.swift"; sourceTree = "<group>"; };
		167BA72428D5740A001929F8 /* ViewExtension.swift */ = {isa = PBXFileReference; lastKnownFileType = sourcecode.swift; path = ViewExtension.swift; sourceTree = "<group>"; };
		167BA72728D594EB001929F8 /* OnboardingView.swift */ = {isa = PBXFileReference; lastKnownFileType = sourcecode.swift; path = OnboardingView.swift; sourceTree = "<group>"; };
		168C242228CDD1F500036B70 /* UserViewModel.swift */ = {isa = PBXFileReference; lastKnownFileType = sourcecode.swift; path = UserViewModel.swift; sourceTree = "<group>"; };
		168C242428CDD20000036B70 /* CardViewModel.swift */ = {isa = PBXFileReference; lastKnownFileType = sourcecode.swift; path = CardViewModel.swift; sourceTree = "<group>"; };
		168C242828CDD21200036B70 /* BadgeViewModel.swift */ = {isa = PBXFileReference; lastKnownFileType = sourcecode.swift; path = BadgeViewModel.swift; sourceTree = "<group>"; };
		168C242D28CDDC2D00036B70 /* Info.plist */ = {isa = PBXFileReference; lastKnownFileType = text.plist; path = Info.plist; sourceTree = "<group>"; };
		168C243028CDF9E100036B70 /* FaceBookLoginButton.swift */ = {isa = PBXFileReference; lastKnownFileType = sourcecode.swift; path = FaceBookLoginButton.swift; sourceTree = "<group>"; };
		168C245C28D46D7900036B70 /* AppleLoginButtom.swift */ = {isa = PBXFileReference; lastKnownFileType = sourcecode.swift; path = AppleLoginButtom.swift; sourceTree = "<group>"; };
		1699082A28D63BCE00583006 /* ImagePredictor.swift */ = {isa = PBXFileReference; lastKnownFileType = sourcecode.swift; path = ImagePredictor.swift; sourceTree = "<group>"; };
		1699082C28D63E7500583006 /* PohangLandmarkNet.mlmodel */ = {isa = PBXFileReference; lastKnownFileType = file.mlmodel; path = PohangLandmarkNet.mlmodel; sourceTree = "<group>"; };
		169919EC28D5CF0D007109D4 /* AttractionView.swift */ = {isa = PBXFileReference; lastKnownFileType = sourcecode.swift; path = AttractionView.swift; sourceTree = "<group>"; };
		169919ED28D5CF0D007109D4 /* TourCourseItem.swift */ = {isa = PBXFileReference; lastKnownFileType = sourcecode.swift; path = TourCourseItem.swift; sourceTree = "<group>"; };
		169919EE28D5CF0D007109D4 /* TourCourseView.swift */ = {isa = PBXFileReference; lastKnownFileType = sourcecode.swift; path = TourCourseView.swift; sourceTree = "<group>"; };
		169919F328D5CFD3007109D4 /* Course.swift */ = {isa = PBXFileReference; fileEncoding = 4; lastKnownFileType = sourcecode.swift; path = Course.swift; sourceTree = "<group>"; };
		169919F528D5D4B8007109D4 /* Animation.swift */ = {isa = PBXFileReference; fileEncoding = 4; lastKnownFileType = sourcecode.swift; path = Animation.swift; sourceTree = "<group>"; };
		16F157D428D6193D0001B422 /* Location.swift */ = {isa = PBXFileReference; lastKnownFileType = sourcecode.swift; path = Location.swift; sourceTree = "<group>"; };
		16F157D628D6196F0001B422 /* LocationViewModel.swift */ = {isa = PBXFileReference; lastKnownFileType = sourcecode.swift; path = LocationViewModel.swift; sourceTree = "<group>"; };
		16F42DCC28CDA3CA00995F1E /* BlueCombing.app */ = {isa = PBXFileReference; explicitFileType = wrapper.application; includeInIndex = 0; path = BlueCombing.app; sourceTree = BUILT_PRODUCTS_DIR; };
		16F42DCF28CDA3CA00995F1E /* BlueCombingApp.swift */ = {isa = PBXFileReference; lastKnownFileType = sourcecode.swift; path = BlueCombingApp.swift; sourceTree = "<group>"; };
		16F42DD128CDA3CA00995F1E /* ContentView.swift */ = {isa = PBXFileReference; lastKnownFileType = sourcecode.swift; path = ContentView.swift; sourceTree = "<group>"; };
		16F42DD328CDA3CC00995F1E /* Assets.xcassets */ = {isa = PBXFileReference; lastKnownFileType = folder.assetcatalog; path = Assets.xcassets; sourceTree = "<group>"; };
		16F42DD628CDA3CC00995F1E /* Preview Assets.xcassets */ = {isa = PBXFileReference; lastKnownFileType = folder.assetcatalog; path = "Preview Assets.xcassets"; sourceTree = "<group>"; };
		16F42DE028CDB77200995F1E /* User.swift */ = {isa = PBXFileReference; lastKnownFileType = sourcecode.swift; path = User.swift; sourceTree = "<group>"; };
		16F42DE228CDB7AF00995F1E /* Card.swift */ = {isa = PBXFileReference; lastKnownFileType = sourcecode.swift; path = Card.swift; sourceTree = "<group>"; };
		16F42DE428CDB7BB00995F1E /* Attraction.swift */ = {isa = PBXFileReference; lastKnownFileType = sourcecode.swift; path = Attraction.swift; sourceTree = "<group>"; };
		16F42DE628CDB7C400995F1E /* Badge.swift */ = {isa = PBXFileReference; lastKnownFileType = sourcecode.swift; path = Badge.swift; sourceTree = "<group>"; };
		16F42DE828CDB91A00995F1E /* GoogleService-Info.plist */ = {isa = PBXFileReference; fileEncoding = 4; lastKnownFileType = text.plist.xml; path = "GoogleService-Info.plist"; sourceTree = "<group>"; };
		16F42DF628CDBFD500995F1E /* LoginHome.swift */ = {isa = PBXFileReference; lastKnownFileType = sourcecode.swift; path = LoginHome.swift; sourceTree = "<group>"; };
		16F42DF828CDC1C900995F1E /* BlueCombing.entitlements */ = {isa = PBXFileReference; lastKnownFileType = text.plist.entitlements; path = BlueCombing.entitlements; sourceTree = "<group>"; };
		16F42DFD28CDC79000995F1E /* AppleAuthCoordinator.swift */ = {isa = PBXFileReference; lastKnownFileType = sourcecode.swift; path = AppleAuthCoordinator.swift; sourceTree = "<group>"; };
		5F01463E28F5DCF700DA2A47 /* StartModal.swift */ = {isa = PBXFileReference; lastKnownFileType = sourcecode.swift; path = StartModal.swift; sourceTree = "<group>"; };
		5F01464028F5DDB400DA2A47 /* RecordConfirmModal.swift */ = {isa = PBXFileReference; lastKnownFileType = sourcecode.swift; path = RecordConfirmModal.swift; sourceTree = "<group>"; };
		5F01464228F5DEA900DA2A47 /* CardMakingModal.swift */ = {isa = PBXFileReference; lastKnownFileType = sourcecode.swift; path = CardMakingModal.swift; sourceTree = "<group>"; };
		5F01464428F5DF6100DA2A47 /* LoginModal.swift */ = {isa = PBXFileReference; lastKnownFileType = sourcecode.swift; path = LoginModal.swift; sourceTree = "<group>"; };
		5F60061928F78C85000B89BF /* BlurView.swift */ = {isa = PBXFileReference; lastKnownFileType = sourcecode.swift; path = BlurView.swift; sourceTree = "<group>"; };
		708B5A5D28D46E9100B863E8 /* Colors.swift */ = {isa = PBXFileReference; lastKnownFileType = sourcecode.swift; path = Colors.swift; sourceTree = "<group>"; };
		708B5A6228D4828300B863E8 /* Pretendard-Medium.otf */ = {isa = PBXFileReference; lastKnownFileType = file; path = "Pretendard-Medium.otf"; sourceTree = "<group>"; };
		708B5A6328D4828300B863E8 /* Pretendard-SemiBold.otf */ = {isa = PBXFileReference; lastKnownFileType = file; path = "Pretendard-SemiBold.otf"; sourceTree = "<group>"; };
		708B5A6428D4828300B863E8 /* Pretendard-Bold.otf */ = {isa = PBXFileReference; lastKnownFileType = file; path = "Pretendard-Bold.otf"; sourceTree = "<group>"; };
		B23C44B728D461F30096DE8F /* MapView.swift */ = {isa = PBXFileReference; lastKnownFileType = sourcecode.swift; path = MapView.swift; sourceTree = "<group>"; };
		B23C44BA28D464040096DE8F /* MapDelegate.swift */ = {isa = PBXFileReference; lastKnownFileType = sourcecode.swift; path = MapDelegate.swift; sourceTree = "<group>"; };
		B23C44BC28D4687D0096DE8F /* TotalMapView.swift */ = {isa = PBXFileReference; lastKnownFileType = sourcecode.swift; path = TotalMapView.swift; sourceTree = "<group>"; };
		B23C44C928D4B9850096DE8F /* MultiModal.swift */ = {isa = PBXFileReference; lastKnownFileType = sourcecode.swift; path = MultiModal.swift; sourceTree = "<group>"; };
		B28CB29128D533BE00202F33 /* CanvasView.swift */ = {isa = PBXFileReference; lastKnownFileType = sourcecode.swift; path = CanvasView.swift; sourceTree = "<group>"; };
		B2DC0D9F28D4504000867084 /* AppData.swift */ = {isa = PBXFileReference; lastKnownFileType = sourcecode.swift; path = AppData.swift; sourceTree = "<group>"; };
		B2DC0DA728D45D7A00867084 /* MainTabView.swift */ = {isa = PBXFileReference; lastKnownFileType = sourcecode.swift; path = MainTabView.swift; sourceTree = "<group>"; };
		B2E576BC28D4D2EE000D77A5 /* Font.swift */ = {isa = PBXFileReference; lastKnownFileType = sourcecode.swift; path = Font.swift; sourceTree = "<group>"; };
/* End PBXFileReference section */

/* Begin PBXFrameworksBuildPhase section */
		16F42DC928CDA3CA00995F1E /* Frameworks */ = {
			isa = PBXFrameworksBuildPhase;
			buildActionMask = 2147483647;
			files = (
				16F42DF028CDBB3500995F1E /* FirebaseDatabase in Frameworks */,
				0EE72C3A28D51E8C00C54505 /* Lottie in Frameworks */,
				16F42DF228CDBB3500995F1E /* FirebaseFirestore in Frameworks */,
				168C242C28CDDB2700036B70 /* FacebookLogin in Frameworks */,
				16F42DEC28CDBB3500995F1E /* FirebaseAnalytics in Frameworks */,
				16F42DF428CDBB3500995F1E /* FirebaseStorage in Frameworks */,
				16F42DEE28CDBB3500995F1E /* FirebaseAuth in Frameworks */,
			);
			runOnlyForDeploymentPostprocessing = 0;
		};
/* End PBXFrameworksBuildPhase section */

/* Begin PBXGroup section */
		0EE72C1428D4609900C54505 /* MakeCardViews */ = {
			isa = PBXGroup;
			children = (
				0EE72C1228D4607E00C54505 /* MakeCardView.swift */,
				0EE72C2528D46EDC00C54505 /* CameraView.swift */,
				0EE72C1F28D46CE100C54505 /* LimitedImagePicker.swift */,
				0EE72C2128D46CEB00C54505 /* AllImagePicker.swift */,
				0EE72C1928D4662200C54505 /* CardView.swift */,
				0EE72C2928D4949000C54505 /* ShareView.swift */,
				0EE72C1528D4629100C54505 /* MakeCardViewNavbar.swift */,
			);
			path = MakeCardViews;
			sourceTree = "<group>";
		};
		0EE72C3228D5195900C54505 /* MyActivityView */ = {
			isa = PBXGroup;
			children = (
				0EE72C3328D5196E00C54505 /* MyActivityView.swift */,
				0E05164F28D5B59200B066DA /* DetailSheetView.swift */,
				0EE72C3F28D5584000C54505 /* BadgeGradeView.swift */,
				0EE72C4128D5587800C54505 /* BadgeGradeViewNavbar.swift */,
			);
			path = MyActivityView;
			sourceTree = "<group>";
		};
		0EE72C3528D51D0600C54505 /* Utills */ = {
			isa = PBXGroup;
			children = (
				0EE72C3B28D51F0100C54505 /* wave.json */,
				0EE72C3628D51D2F00C54505 /* Lottie.swift */,
				1699082A28D63BCE00583006 /* ImagePredictor.swift */,
			);
			path = Utills;
			sourceTree = "<group>";
		};
		163DB13C28D618AA00DC6B67 /* Resource */ = {
			isa = PBXGroup;
			children = (
				163DB13A28D618A700DC6B67 /* location.json */,
			);
			path = Resource;
			sourceTree = "<group>";
		};
		167BA72328D573DD001929F8 /* Extensions */ = {
			isa = PBXGroup;
			children = (
				167BA72428D5740A001929F8 /* ViewExtension.swift */,
				165AC54428D64190009954E2 /* CGImagePropertyOrientation+UIImageOrientation.swift */,
				165AC54528D64190009954E2 /* VNClassificationObservation+confidenceString.swift */,
			);
			path = Extensions;
			sourceTree = "<group>";
		};
		167BA72628D592FF001929F8 /* Onboarding */ = {
			isa = PBXGroup;
			children = (
				167BA72728D594EB001929F8 /* OnboardingView.swift */,
			);
			path = Onboarding;
			sourceTree = "<group>";
		};
		16F42DC328CDA3CA00995F1E = {
			isa = PBXGroup;
			children = (
				16F42DCE28CDA3CA00995F1E /* BlueCombing */,
				16F42DCD28CDA3CA00995F1E /* Products */,
			);
			sourceTree = "<group>";
		};
		16F42DCD28CDA3CA00995F1E /* Products */ = {
			isa = PBXGroup;
			children = (
				16F42DCC28CDA3CA00995F1E /* BlueCombing.app */,
			);
			name = Products;
			sourceTree = "<group>";
		};
		16F42DCE28CDA3CA00995F1E /* BlueCombing */ = {
			isa = PBXGroup;
			children = (
				16F42DF828CDC1C900995F1E /* BlueCombing.entitlements */,
				16F42DCF28CDA3CA00995F1E /* BlueCombingApp.swift */,
				16F42DDD28CDB6DF00995F1E /* Model */,
				16F42DDE28CDB6E600995F1E /* Views */,
				16F42DDF28CDB6EC00995F1E /* ViewModels */,
				0EE72C3528D51D0600C54505 /* Utills */,
				708B5A5C28D46E8400B863E8 /* Style */,
				167BA72328D573DD001929F8 /* Extensions */,
				163DB13C28D618AA00DC6B67 /* Resource */,
				16F42DD328CDA3CC00995F1E /* Assets.xcassets */,
				168C242D28CDDC2D00036B70 /* Info.plist */,
				16F42DE828CDB91A00995F1E /* GoogleService-Info.plist */,
				16F42DD528CDA3CC00995F1E /* Preview Content */,
			);
			path = BlueCombing;
			sourceTree = "<group>";
		};
		16F42DD528CDA3CC00995F1E /* Preview Content */ = {
			isa = PBXGroup;
			children = (
				16F42DD628CDA3CC00995F1E /* Preview Assets.xcassets */,
			);
			path = "Preview Content";
			sourceTree = "<group>";
		};
		16F42DDD28CDB6DF00995F1E /* Model */ = {
			isa = PBXGroup;
			children = (
				1699082C28D63E7500583006 /* PohangLandmarkNet.mlmodel */,
				B23C44B928D463F60096DE8F /* Map */,
				16F42DE028CDB77200995F1E /* User.swift */,
				16F42DE228CDB7AF00995F1E /* Card.swift */,
				16F42DE428CDB7BB00995F1E /* Attraction.swift */,
				16F42DE628CDB7C400995F1E /* Badge.swift */,
				0EE72C2328D46D1E00C54505 /* Picture.swift */,
				169919F328D5CFD3007109D4 /* Course.swift */,
				B2DC0D9F28D4504000867084 /* AppData.swift */,
				16F157D428D6193D0001B422 /* Location.swift */,
			);
			path = Model;
			sourceTree = "<group>";
		};
		16F42DDE28CDB6E600995F1E /* Views */ = {
			isa = PBXGroup;
			children = (
				16F42DD128CDA3CA00995F1E /* ContentView.swift */,
				B2DC0DA728D45D7A00867084 /* MainTabView.swift */,
				167BA72628D592FF001929F8 /* Onboarding */,
				B23C44B628D461B10096DE8F /* Map */,
				0EE72C1428D4609900C54505 /* MakeCardViews */,
				708B5A7128D4DA4A00B863E8 /* AttractionView */,
				0EE72C3228D5195900C54505 /* MyActivityView */,
				16F42DF528CDBF0F00995F1E /* Authenications */,
			);
			path = Views;
			sourceTree = "<group>";
		};
		16F42DDF28CDB6EC00995F1E /* ViewModels */ = {
			isa = PBXGroup;
			children = (
				168C242228CDD1F500036B70 /* UserViewModel.swift */,
				168C242428CDD20000036B70 /* CardViewModel.swift */,
				168C242828CDD21200036B70 /* BadgeViewModel.swift */,
				16F157D628D6196F0001B422 /* LocationViewModel.swift */,
			);
			path = ViewModels;
			sourceTree = "<group>";
		};
		16F42DF528CDBF0F00995F1E /* Authenications */ = {
			isa = PBXGroup;
			children = (
				16F42DF628CDBFD500995F1E /* LoginHome.swift */,
				16F42DFD28CDC79000995F1E /* AppleAuthCoordinator.swift */,
				168C245C28D46D7900036B70 /* AppleLoginButtom.swift */,
				168C243028CDF9E100036B70 /* FaceBookLoginButton.swift */,
			);
			path = Authenications;
			sourceTree = "<group>";
		};
		5F01463D28F5DCE900DA2A47 /* CustomModal */ = {
			isa = PBXGroup;
			children = (
				5F01463E28F5DCF700DA2A47 /* StartModal.swift */,
				5F01464028F5DDB400DA2A47 /* RecordConfirmModal.swift */,
				5F01464228F5DEA900DA2A47 /* CardMakingModal.swift */,
				5F01464428F5DF6100DA2A47 /* LoginModal.swift */,
			);
			path = CustomModal;
			sourceTree = "<group>";
		};
		708B5A5C28D46E8400B863E8 /* Style */ = {
			isa = PBXGroup;
			children = (
				708B5A6128D4810D00B863E8 /* Fonts */,
				708B5A5D28D46E9100B863E8 /* Colors.swift */,
				169919F528D5D4B8007109D4 /* Animation.swift */,
			);
			path = Style;
			sourceTree = "<group>";
		};
		708B5A6128D4810D00B863E8 /* Fonts */ = {
			isa = PBXGroup;
			children = (
				708B5A6428D4828300B863E8 /* Pretendard-Bold.otf */,
				708B5A6228D4828300B863E8 /* Pretendard-Medium.otf */,
				708B5A6328D4828300B863E8 /* Pretendard-SemiBold.otf */,
				B2E576BC28D4D2EE000D77A5 /* Font.swift */,
			);
			path = Fonts;
			sourceTree = "<group>";
		};
		708B5A7128D4DA4A00B863E8 /* AttractionView */ = {
			isa = PBXGroup;
			children = (
				169919EC28D5CF0D007109D4 /* AttractionView.swift */,
				169919EE28D5CF0D007109D4 /* TourCourseView.swift */,
				169919ED28D5CF0D007109D4 /* TourCourseItem.swift */,
			);
			path = AttractionView;
			sourceTree = "<group>";
		};
		B23C44B628D461B10096DE8F /* Map */ = {
			isa = PBXGroup;
			children = (
				5F01463D28F5DCE900DA2A47 /* CustomModal */,
				B23C44B728D461F30096DE8F /* MapView.swift */,
				5F60061928F78C85000B89BF /* BlurView.swift */,
				B23C44BC28D4687D0096DE8F /* TotalMapView.swift */,
				B23C44C928D4B9850096DE8F /* MultiModal.swift */,
				B28CB29128D533BE00202F33 /* CanvasView.swift */,
			);
			path = Map;
			sourceTree = "<group>";
		};
		B23C44B928D463F60096DE8F /* Map */ = {
			isa = PBXGroup;
			children = (
				B23C44BA28D464040096DE8F /* MapDelegate.swift */,
			);
			path = Map;
			sourceTree = "<group>";
		};
/* End PBXGroup section */

/* Begin PBXNativeTarget section */
		16F42DCB28CDA3CA00995F1E /* BlueCombing */ = {
			isa = PBXNativeTarget;
			buildConfigurationList = 16F42DDA28CDA3CC00995F1E /* Build configuration list for PBXNativeTarget "BlueCombing" */;
			buildPhases = (
				16F42DC828CDA3CA00995F1E /* Sources */,
				16F42DC928CDA3CA00995F1E /* Frameworks */,
				16F42DCA28CDA3CA00995F1E /* Resources */,
			);
			buildRules = (
			);
			dependencies = (
			);
			name = BlueCombing;
			packageProductDependencies = (
				16F42DEB28CDBB3500995F1E /* FirebaseAnalytics */,
				16F42DED28CDBB3500995F1E /* FirebaseAuth */,
				16F42DEF28CDBB3500995F1E /* FirebaseDatabase */,
				16F42DF128CDBB3500995F1E /* FirebaseFirestore */,
				16F42DF328CDBB3500995F1E /* FirebaseStorage */,
				168C242B28CDDB2700036B70 /* FacebookLogin */,
				0EE72C3928D51E8C00C54505 /* Lottie */,
			);
			productName = BlueCombing;
			productReference = 16F42DCC28CDA3CA00995F1E /* BlueCombing.app */;
			productType = "com.apple.product-type.application";
		};
/* End PBXNativeTarget section */

/* Begin PBXProject section */
		16F42DC428CDA3CA00995F1E /* Project object */ = {
			isa = PBXProject;
			attributes = {
				BuildIndependentTargetsInParallel = 1;
				LastSwiftUpdateCheck = 1340;
				LastUpgradeCheck = 1340;
				TargetAttributes = {
					16F42DCB28CDA3CA00995F1E = {
						CreatedOnToolsVersion = 13.4.1;
					};
				};
			};
			buildConfigurationList = 16F42DC728CDA3CA00995F1E /* Build configuration list for PBXProject "BlueCombing" */;
			compatibilityVersion = "Xcode 13.0";
			developmentRegion = en;
			hasScannedForEncodings = 0;
			knownRegions = (
				en,
				Base,
			);
			mainGroup = 16F42DC328CDA3CA00995F1E;
			packageReferences = (
				16F42DEA28CDBB3500995F1E /* XCRemoteSwiftPackageReference "firebase-ios-sdk" */,
				168C242A28CDDB2700036B70 /* XCRemoteSwiftPackageReference "facebook-ios-sdk" */,
				0EE72C3828D51E8C00C54505 /* XCRemoteSwiftPackageReference "lottie-ios" */,
			);
			productRefGroup = 16F42DCD28CDA3CA00995F1E /* Products */;
			projectDirPath = "";
			projectRoot = "";
			targets = (
				16F42DCB28CDA3CA00995F1E /* BlueCombing */,
			);
		};
/* End PBXProject section */

/* Begin PBXResourcesBuildPhase section */
		16F42DCA28CDA3CA00995F1E /* Resources */ = {
			isa = PBXResourcesBuildPhase;
			buildActionMask = 2147483647;
			files = (
				16F42DD728CDA3CC00995F1E /* Preview Assets.xcassets in Resources */,
				0EE72C3C28D51F0100C54505 /* wave.json in Resources */,
				708B5A6728D4828300B863E8 /* Pretendard-Bold.otf in Resources */,
				16F42DD428CDA3CC00995F1E /* Assets.xcassets in Resources */,
				708B5A6628D4828300B863E8 /* Pretendard-SemiBold.otf in Resources */,
				16F42DE928CDB91A00995F1E /* GoogleService-Info.plist in Resources */,
				163DB13B28D618A800DC6B67 /* location.json in Resources */,
				708B5A6528D4828300B863E8 /* Pretendard-Medium.otf in Resources */,
			);
			runOnlyForDeploymentPostprocessing = 0;
		};
/* End PBXResourcesBuildPhase section */

/* Begin PBXSourcesBuildPhase section */
		16F42DC828CDA3CA00995F1E /* Sources */ = {
			isa = PBXSourcesBuildPhase;
			buildActionMask = 2147483647;
			files = (
				16EA766228D52CAD00979F78 /* FaceBookLoginButton.swift in Sources */,
				0EE72C2A28D4949000C54505 /* ShareView.swift in Sources */,
				169919F128D5CF0E007109D4 /* TourCourseItem.swift in Sources */,
				0EE72C1328D4607E00C54505 /* MakeCardView.swift in Sources */,
				5F01464328F5DEA900DA2A47 /* CardMakingModal.swift in Sources */,
				16F42DD228CDA3CA00995F1E /* ContentView.swift in Sources */,
				16F42DE728CDB7C400995F1E /* Badge.swift in Sources */,
				0EE72C3428D5196E00C54505 /* MyActivityView.swift in Sources */,
				169919EF28D5CF0E007109D4 /* AttractionView.swift in Sources */,
				0EE72C4228D5587800C54505 /* BadgeGradeViewNavbar.swift in Sources */,
				0EE72C3728D51D2F00C54505 /* Lottie.swift in Sources */,
				167BA72528D5740A001929F8 /* ViewExtension.swift in Sources */,
				708B5A5E28D46E9100B863E8 /* Colors.swift in Sources */,
				169919F428D5CFD3007109D4 /* Course.swift in Sources */,
				B23C44BB28D464040096DE8F /* MapDelegate.swift in Sources */,
				0E05165028D5B59200B066DA /* DetailSheetView.swift in Sources */,
				1699082D28D63E7500583006 /* PohangLandmarkNet.mlmodel in Sources */,
				5F60061A28F78C85000B89BF /* BlurView.swift in Sources */,
				167BA72828D594EB001929F8 /* OnboardingView.swift in Sources */,
				168C242928CDD21200036B70 /* BadgeViewModel.swift in Sources */,
				0EE72C2028D46CE100C54505 /* LimitedImagePicker.swift in Sources */,
				16F42DF728CDBFD500995F1E /* LoginHome.swift in Sources */,
				16F42DD028CDA3CA00995F1E /* BlueCombingApp.swift in Sources */,
				168C242528CDD20000036B70 /* CardViewModel.swift in Sources */,
				16F42DE528CDB7BB00995F1E /* Attraction.swift in Sources */,
				B23C44B828D461F30096DE8F /* MapView.swift in Sources */,
				5F01464528F5DF6100DA2A47 /* LoginModal.swift in Sources */,
				0EE72C4028D5584000C54505 /* BadgeGradeView.swift in Sources */,
				5F01463F28F5DCF700DA2A47 /* StartModal.swift in Sources */,
				16F42DFE28CDC79000995F1E /* AppleAuthCoordinator.swift in Sources */,
				0EE72C1628D4629100C54505 /* MakeCardViewNavbar.swift in Sources */,
				16F157D728D6196F0001B422 /* LocationViewModel.swift in Sources */,
				0EE72C2228D46CEB00C54505 /* AllImagePicker.swift in Sources */,
				169919F028D5CF0E007109D4 /* TourCourseView.swift in Sources */,
				0EE72C2628D46EDC00C54505 /* CameraView.swift in Sources */,
				165AC54728D64190009954E2 /* VNClassificationObservation+confidenceString.swift in Sources */,
				16F42DE128CDB77200995F1E /* User.swift in Sources */,
				B28CB29228D533BE00202F33 /* CanvasView.swift in Sources */,
				168C245D28D46D7900036B70 /* AppleLoginButtom.swift in Sources */,
				5F01464128F5DDB400DA2A47 /* RecordConfirmModal.swift in Sources */,
				B2E576BD28D4D2EE000D77A5 /* Font.swift in Sources */,
				165AC54628D64190009954E2 /* CGImagePropertyOrientation+UIImageOrientation.swift in Sources */,
				168C242328CDD1F500036B70 /* UserViewModel.swift in Sources */,
				0EE72C1A28D4662200C54505 /* CardView.swift in Sources */,
				0EE72C2428D46D1E00C54505 /* Picture.swift in Sources */,
				16F42DE328CDB7AF00995F1E /* Card.swift in Sources */,
				B23C44CA28D4B9850096DE8F /* MultiModal.swift in Sources */,
				16F157D528D6193D0001B422 /* Location.swift in Sources */,
				1699082B28D63BCE00583006 /* ImagePredictor.swift in Sources */,
				B2DC0DA028D4504000867084 /* AppData.swift in Sources */,
				B23C44BD28D4687D0096DE8F /* TotalMapView.swift in Sources */,
				169919F628D5D4B8007109D4 /* Animation.swift in Sources */,
				B2DC0DA828D45D7A00867084 /* MainTabView.swift in Sources */,
			);
			runOnlyForDeploymentPostprocessing = 0;
		};
/* End PBXSourcesBuildPhase section */

/* Begin XCBuildConfiguration section */
		16F42DD828CDA3CC00995F1E /* Debug */ = {
			isa = XCBuildConfiguration;
			buildSettings = {
				ALWAYS_SEARCH_USER_PATHS = NO;
				CLANG_ANALYZER_NONNULL = YES;
				CLANG_ANALYZER_NUMBER_OBJECT_CONVERSION = YES_AGGRESSIVE;
				CLANG_CXX_LANGUAGE_STANDARD = "gnu++17";
				CLANG_ENABLE_MODULES = YES;
				CLANG_ENABLE_OBJC_ARC = YES;
				CLANG_ENABLE_OBJC_WEAK = YES;
				CLANG_WARN_BLOCK_CAPTURE_AUTORELEASING = YES;
				CLANG_WARN_BOOL_CONVERSION = YES;
				CLANG_WARN_COMMA = YES;
				CLANG_WARN_CONSTANT_CONVERSION = YES;
				CLANG_WARN_DEPRECATED_OBJC_IMPLEMENTATIONS = YES;
				CLANG_WARN_DIRECT_OBJC_ISA_USAGE = YES_ERROR;
				CLANG_WARN_DOCUMENTATION_COMMENTS = YES;
				CLANG_WARN_EMPTY_BODY = YES;
				CLANG_WARN_ENUM_CONVERSION = YES;
				CLANG_WARN_INFINITE_RECURSION = YES;
				CLANG_WARN_INT_CONVERSION = YES;
				CLANG_WARN_NON_LITERAL_NULL_CONVERSION = YES;
				CLANG_WARN_OBJC_IMPLICIT_RETAIN_SELF = YES;
				CLANG_WARN_OBJC_LITERAL_CONVERSION = YES;
				CLANG_WARN_OBJC_ROOT_CLASS = YES_ERROR;
				CLANG_WARN_QUOTED_INCLUDE_IN_FRAMEWORK_HEADER = YES;
				CLANG_WARN_RANGE_LOOP_ANALYSIS = YES;
				CLANG_WARN_STRICT_PROTOTYPES = YES;
				CLANG_WARN_SUSPICIOUS_MOVE = YES;
				CLANG_WARN_UNGUARDED_AVAILABILITY = YES_AGGRESSIVE;
				CLANG_WARN_UNREACHABLE_CODE = YES;
				CLANG_WARN__DUPLICATE_METHOD_MATCH = YES;
				COPY_PHASE_STRIP = NO;
				DEBUG_INFORMATION_FORMAT = dwarf;
				ENABLE_STRICT_OBJC_MSGSEND = YES;
				ENABLE_TESTABILITY = YES;
				GCC_C_LANGUAGE_STANDARD = gnu11;
				GCC_DYNAMIC_NO_PIC = NO;
				GCC_NO_COMMON_BLOCKS = YES;
				GCC_OPTIMIZATION_LEVEL = 0;
				GCC_PREPROCESSOR_DEFINITIONS = (
					"DEBUG=1",
					"$(inherited)",
				);
				GCC_WARN_64_TO_32_BIT_CONVERSION = YES;
				GCC_WARN_ABOUT_RETURN_TYPE = YES_ERROR;
				GCC_WARN_UNDECLARED_SELECTOR = YES;
				GCC_WARN_UNINITIALIZED_AUTOS = YES_AGGRESSIVE;
				GCC_WARN_UNUSED_FUNCTION = YES;
				GCC_WARN_UNUSED_VARIABLE = YES;
				IPHONEOS_DEPLOYMENT_TARGET = 15.5;
				MTL_ENABLE_DEBUG_INFO = INCLUDE_SOURCE;
				MTL_FAST_MATH = YES;
				ONLY_ACTIVE_ARCH = YES;
				SDKROOT = iphoneos;
				SWIFT_ACTIVE_COMPILATION_CONDITIONS = DEBUG;
				SWIFT_OPTIMIZATION_LEVEL = "-Onone";
			};
			name = Debug;
		};
		16F42DD928CDA3CC00995F1E /* Release */ = {
			isa = XCBuildConfiguration;
			buildSettings = {
				ALWAYS_SEARCH_USER_PATHS = NO;
				CLANG_ANALYZER_NONNULL = YES;
				CLANG_ANALYZER_NUMBER_OBJECT_CONVERSION = YES_AGGRESSIVE;
				CLANG_CXX_LANGUAGE_STANDARD = "gnu++17";
				CLANG_ENABLE_MODULES = YES;
				CLANG_ENABLE_OBJC_ARC = YES;
				CLANG_ENABLE_OBJC_WEAK = YES;
				CLANG_WARN_BLOCK_CAPTURE_AUTORELEASING = YES;
				CLANG_WARN_BOOL_CONVERSION = YES;
				CLANG_WARN_COMMA = YES;
				CLANG_WARN_CONSTANT_CONVERSION = YES;
				CLANG_WARN_DEPRECATED_OBJC_IMPLEMENTATIONS = YES;
				CLANG_WARN_DIRECT_OBJC_ISA_USAGE = YES_ERROR;
				CLANG_WARN_DOCUMENTATION_COMMENTS = YES;
				CLANG_WARN_EMPTY_BODY = YES;
				CLANG_WARN_ENUM_CONVERSION = YES;
				CLANG_WARN_INFINITE_RECURSION = YES;
				CLANG_WARN_INT_CONVERSION = YES;
				CLANG_WARN_NON_LITERAL_NULL_CONVERSION = YES;
				CLANG_WARN_OBJC_IMPLICIT_RETAIN_SELF = YES;
				CLANG_WARN_OBJC_LITERAL_CONVERSION = YES;
				CLANG_WARN_OBJC_ROOT_CLASS = YES_ERROR;
				CLANG_WARN_QUOTED_INCLUDE_IN_FRAMEWORK_HEADER = YES;
				CLANG_WARN_RANGE_LOOP_ANALYSIS = YES;
				CLANG_WARN_STRICT_PROTOTYPES = YES;
				CLANG_WARN_SUSPICIOUS_MOVE = YES;
				CLANG_WARN_UNGUARDED_AVAILABILITY = YES_AGGRESSIVE;
				CLANG_WARN_UNREACHABLE_CODE = YES;
				CLANG_WARN__DUPLICATE_METHOD_MATCH = YES;
				COPY_PHASE_STRIP = NO;
				DEBUG_INFORMATION_FORMAT = "dwarf-with-dsym";
				ENABLE_NS_ASSERTIONS = NO;
				ENABLE_STRICT_OBJC_MSGSEND = YES;
				GCC_C_LANGUAGE_STANDARD = gnu11;
				GCC_NO_COMMON_BLOCKS = YES;
				GCC_WARN_64_TO_32_BIT_CONVERSION = YES;
				GCC_WARN_ABOUT_RETURN_TYPE = YES_ERROR;
				GCC_WARN_UNDECLARED_SELECTOR = YES;
				GCC_WARN_UNINITIALIZED_AUTOS = YES_AGGRESSIVE;
				GCC_WARN_UNUSED_FUNCTION = YES;
				GCC_WARN_UNUSED_VARIABLE = YES;
				IPHONEOS_DEPLOYMENT_TARGET = 15.5;
				MTL_ENABLE_DEBUG_INFO = NO;
				MTL_FAST_MATH = YES;
				SDKROOT = iphoneos;
				SWIFT_COMPILATION_MODE = wholemodule;
				SWIFT_OPTIMIZATION_LEVEL = "-O";
				VALIDATE_PRODUCT = YES;
			};
			name = Release;
		};
		16F42DDB28CDA3CC00995F1E /* Debug */ = {
			isa = XCBuildConfiguration;
			buildSettings = {
				ASSETCATALOG_COMPILER_APPICON_NAME = AppIcon;
				ASSETCATALOG_COMPILER_GLOBAL_ACCENT_COLOR_NAME = AccentColor;
				ASSETCATALOG_COMPILER_INCLUDE_ALL_APPICON_ASSETS = NO;
				CODE_SIGN_ENTITLEMENTS = BlueCombing/BlueCombing.entitlements;
				CODE_SIGN_IDENTITY = "Apple Development";
				CODE_SIGN_STYLE = Automatic;
				CURRENT_PROJECT_VERSION = 1;
				DEVELOPMENT_ASSET_PATHS = "\"BlueCombing/Preview Content\"";
				DEVELOPMENT_TEAM = 79Q32HWWTW;
				ENABLE_PREVIEWS = YES;
				GENERATE_INFOPLIST_FILE = YES;
				INFOPLIST_FILE = BlueCombing/Info.plist;
				INFOPLIST_KEY_CFBundleDisplayName = BlueCombing;
				INFOPLIST_KEY_LSApplicationCategoryType = "public.app-category.lifestyle";
				INFOPLIST_KEY_NSCameraUsageDescription = "앱이 카메라 권한을 필요로합니다";
				INFOPLIST_KEY_NSPhotoLibraryAddUsageDescription = "앱이 앨범 접근 권한을 필요로합니다";
				INFOPLIST_KEY_NSPhotoLibraryUsageDescription = "앱이 앨범 접근 권한을 필요로 합니다.";
				INFOPLIST_KEY_UIApplicationSceneManifest_Generation = YES;
				INFOPLIST_KEY_UIApplicationSupportsIndirectInputEvents = YES;
				INFOPLIST_KEY_UILaunchScreen_Generation = YES;
				INFOPLIST_KEY_UIStatusBarStyle = UIStatusBarStyleLightContent;
				INFOPLIST_KEY_UISupportedInterfaceOrientations = UIInterfaceOrientationPortrait;
				INFOPLIST_KEY_UIUserInterfaceStyle = Light;
				LD_RUNPATH_SEARCH_PATHS = (
					"$(inherited)",
					"@executable_path/Frameworks",
				);
				MARKETING_VERSION = 1.0;
				PRODUCT_BUNDLE_IDENTIFIER = com.TeleToby.BlueCombing;
				PRODUCT_NAME = "$(TARGET_NAME)";
				PROVISIONING_PROFILE_SPECIFIER = "";
				SUPPORTED_PLATFORMS = "iphoneos iphonesimulator";
				SUPPORTS_MACCATALYST = NO;
				SUPPORTS_MAC_DESIGNED_FOR_IPHONE_IPAD = NO;
				SWIFT_EMIT_LOC_STRINGS = YES;
				SWIFT_VERSION = 5.0;
				TARGETED_DEVICE_FAMILY = 1;
			};
			name = Debug;
		};
		16F42DDC28CDA3CC00995F1E /* Release */ = {
			isa = XCBuildConfiguration;
			buildSettings = {
				ASSETCATALOG_COMPILER_APPICON_NAME = AppIcon;
				ASSETCATALOG_COMPILER_GLOBAL_ACCENT_COLOR_NAME = AccentColor;
				ASSETCATALOG_COMPILER_INCLUDE_ALL_APPICON_ASSETS = NO;
				CODE_SIGN_ENTITLEMENTS = BlueCombing/BlueCombing.entitlements;
				CODE_SIGN_IDENTITY = "Apple Development";
				CODE_SIGN_STYLE = Automatic;
				CURRENT_PROJECT_VERSION = 1;
				DEVELOPMENT_ASSET_PATHS = "\"BlueCombing/Preview Content\"";
				DEVELOPMENT_TEAM = 79Q32HWWTW;
				ENABLE_PREVIEWS = YES;
				GENERATE_INFOPLIST_FILE = YES;
				INFOPLIST_FILE = BlueCombing/Info.plist;
				INFOPLIST_KEY_CFBundleDisplayName = BlueCombing;
				INFOPLIST_KEY_LSApplicationCategoryType = "public.app-category.lifestyle";
				INFOPLIST_KEY_NSCameraUsageDescription = "앱이 카메라 권한을 필요로합니다";
				INFOPLIST_KEY_NSPhotoLibraryAddUsageDescription = "앱이 앨범 접근 권한을 필요로합니다";
				INFOPLIST_KEY_NSPhotoLibraryUsageDescription = "앱이 앨범 접근 권한을 필요로 합니다.";
				INFOPLIST_KEY_UIApplicationSceneManifest_Generation = YES;
				INFOPLIST_KEY_UIApplicationSupportsIndirectInputEvents = YES;
				INFOPLIST_KEY_UILaunchScreen_Generation = YES;
				INFOPLIST_KEY_UIStatusBarStyle = UIStatusBarStyleLightContent;
				INFOPLIST_KEY_UISupportedInterfaceOrientations = UIInterfaceOrientationPortrait;
				INFOPLIST_KEY_UIUserInterfaceStyle = Light;
				LD_RUNPATH_SEARCH_PATHS = (
					"$(inherited)",
					"@executable_path/Frameworks",
				);
				MARKETING_VERSION = 1.0;
				PRODUCT_BUNDLE_IDENTIFIER = com.TeleToby.BlueCombing;
				PRODUCT_NAME = "$(TARGET_NAME)";
				PROVISIONING_PROFILE_SPECIFIER = "";
				SUPPORTED_PLATFORMS = "iphoneos iphonesimulator";
				SUPPORTS_MACCATALYST = NO;
				SUPPORTS_MAC_DESIGNED_FOR_IPHONE_IPAD = NO;
				SWIFT_EMIT_LOC_STRINGS = YES;
				SWIFT_VERSION = 5.0;
				TARGETED_DEVICE_FAMILY = 1;
			};
			name = Release;
		};
/* End XCBuildConfiguration section */

/* Begin XCConfigurationList section */
		16F42DC728CDA3CA00995F1E /* Build configuration list for PBXProject "BlueCombing" */ = {
			isa = XCConfigurationList;
			buildConfigurations = (
				16F42DD828CDA3CC00995F1E /* Debug */,
				16F42DD928CDA3CC00995F1E /* Release */,
			);
			defaultConfigurationIsVisible = 0;
			defaultConfigurationName = Release;
		};
		16F42DDA28CDA3CC00995F1E /* Build configuration list for PBXNativeTarget "BlueCombing" */ = {
			isa = XCConfigurationList;
			buildConfigurations = (
				16F42DDB28CDA3CC00995F1E /* Debug */,
				16F42DDC28CDA3CC00995F1E /* Release */,
			);
			defaultConfigurationIsVisible = 0;
			defaultConfigurationName = Release;
		};
/* End XCConfigurationList section */

/* Begin XCRemoteSwiftPackageReference section */
		0EE72C3828D51E8C00C54505 /* XCRemoteSwiftPackageReference "lottie-ios" */ = {
			isa = XCRemoteSwiftPackageReference;
			repositoryURL = "https://github.com/airbnb/lottie-ios";
			requirement = {
				branch = master;
				kind = branch;
			};
		};
		168C242A28CDDB2700036B70 /* XCRemoteSwiftPackageReference "facebook-ios-sdk" */ = {
			isa = XCRemoteSwiftPackageReference;
			repositoryURL = "https://github.com/facebook/facebook-ios-sdk";
			requirement = {
				kind = upToNextMajorVersion;
				minimumVersion = 9.0.0;
			};
		};
		16F42DEA28CDBB3500995F1E /* XCRemoteSwiftPackageReference "firebase-ios-sdk" */ = {
			isa = XCRemoteSwiftPackageReference;
			repositoryURL = "https://github.com/firebase/firebase-ios-sdk";
			requirement = {
				kind = upToNextMajorVersion;
				minimumVersion = 9.0.0;
			};
		};
/* End XCRemoteSwiftPackageReference section */

/* Begin XCSwiftPackageProductDependency section */
		0EE72C3928D51E8C00C54505 /* Lottie */ = {
			isa = XCSwiftPackageProductDependency;
			package = 0EE72C3828D51E8C00C54505 /* XCRemoteSwiftPackageReference "lottie-ios" */;
			productName = Lottie;
		};
		168C242B28CDDB2700036B70 /* FacebookLogin */ = {
			isa = XCSwiftPackageProductDependency;
			package = 168C242A28CDDB2700036B70 /* XCRemoteSwiftPackageReference "facebook-ios-sdk" */;
			productName = FacebookLogin;
		};
		16F42DEB28CDBB3500995F1E /* FirebaseAnalytics */ = {
			isa = XCSwiftPackageProductDependency;
			package = 16F42DEA28CDBB3500995F1E /* XCRemoteSwiftPackageReference "firebase-ios-sdk" */;
			productName = FirebaseAnalytics;
		};
		16F42DED28CDBB3500995F1E /* FirebaseAuth */ = {
			isa = XCSwiftPackageProductDependency;
			package = 16F42DEA28CDBB3500995F1E /* XCRemoteSwiftPackageReference "firebase-ios-sdk" */;
			productName = FirebaseAuth;
		};
		16F42DEF28CDBB3500995F1E /* FirebaseDatabase */ = {
			isa = XCSwiftPackageProductDependency;
			package = 16F42DEA28CDBB3500995F1E /* XCRemoteSwiftPackageReference "firebase-ios-sdk" */;
			productName = FirebaseDatabase;
		};
		16F42DF128CDBB3500995F1E /* FirebaseFirestore */ = {
			isa = XCSwiftPackageProductDependency;
			package = 16F42DEA28CDBB3500995F1E /* XCRemoteSwiftPackageReference "firebase-ios-sdk" */;
			productName = FirebaseFirestore;
		};
		16F42DF328CDBB3500995F1E /* FirebaseStorage */ = {
			isa = XCSwiftPackageProductDependency;
			package = 16F42DEA28CDBB3500995F1E /* XCRemoteSwiftPackageReference "firebase-ios-sdk" */;
			productName = FirebaseStorage;
		};
/* End XCSwiftPackageProductDependency section */
	};
	rootObject = 16F42DC428CDA3CA00995F1E /* Project object */;
}
